
Microsoft Visual Studio Solution File, Format Version 12.00
# Visual Studio Version 17
VisualStudioVersion = 17.14.36202.13 d17.14
MinimumVisualStudioVersion = 10.0.40219.1
Project("{FAE04EC0-301F-11D3-BF4B-00C04F79EFBC}") = "S25W5WpfControls", "S25W5WpfControls\S25W5WpfControls.csproj", "{243BE0DE-13BC-4709-85FD-9C5B7B67DD47}"
EndProject
Global
	GlobalSection(SolutionConfigurationPlatforms) = preSolution
		Debug|Any CPU = Debug|Any CPU
		Release|Any CPU = Release|Any CPU
	EndGlobalSection
	GlobalSection(ProjectConfigurationPlatforms) = postSolution
		{243BE0DE-13BC-4709-85FD-9C5B7B67DD47}.Debug|Any CPU.ActiveCfg = Debug|Any CPU
		{243BE0DE-13BC-4709-85FD-9C5B7B67DD47}.Debug|Any CPU.Build.0 = Debug|Any CPU
		{243BE0DE-13BC-4709-85FD-9C5B7B67DD47}.Release|Any CPU.ActiveCfg = Release|Any CPU
		{243BE0DE-13BC-4709-85FD-9C5B7B67DD47}.Release|Any CPU.Build.0 = Release|Any CPU
	EndGlobalSection
	GlobalSection(SolutionProperties) = preSolution
		HideSolutionNode = FALSE
	EndGlobalSection
	GlobalSection(ExtensibilityGlobals) = postSolution
		SolutionGuid = {96EDE452-DC09-4E95-9B7D-D7477163C506}
	EndGlobalSection
EndGlobal
